
Microsoft Visual Studio Solution File, Format Version 12.00
# Visual Studio Version 17
VisualStudioVersion = 17.1.32319.34
MinimumVisualStudioVersion = 10.0.40219.1
Project("{8BC9CEB8-8B4A-11D0-8D11-00A0C91BC942}") = "CandyCrane", "CandyCrane\CandyCrane.vcxproj", "{C5F80730-F44F-4478-BDAE-6634EFC2CA88}"
EndProject
Project("{8BC9CEB8-8B4A-11D0-8D11-00A0C91BC942}") = "CCBucket", "CCBucket\CCBucket.vcxproj", "{3AB20DF2-8090-42A4-8F20-A82EAA975323}"
EndProject
Project("{8BC9CEB8-8B4A-11D0-8D11-00A0C91BC942}") = "CandyComms", "CandyComms\CandyComms.vcxproj", "{A1C1AA5B-D6A8-48DA-AE9C-04E35DE050A4}"
EndProject
Global
	GlobalSection(SolutionConfigurationPlatforms) = preSolution
		Debug|x86 = Debug|x86
		Release|x86 = Release|x86
	EndGlobalSection
	GlobalSection(ProjectConfigurationPlatforms) = postSolution
		{C5F80730-F44F-4478-BDAE-6634EFC2CA88}.Debug|x86.ActiveCfg = Debug|Win32
		{C5F80730-F44F-4478-BDAE-6634EFC2CA88}.Debug|x86.Build.0 = Debug|Win32
		{C5F80730-F44F-4478-BDAE-6634EFC2CA88}.Release|x86.ActiveCfg = Release|Win32
		{C5F80730-F44F-4478-BDAE-6634EFC2CA88}.Release|x86.Build.0 = Release|Win32
		{3AB20DF2-8090-42A4-8F20-A82EAA975323}.Debug|x86.ActiveCfg = Debug|Win32
		{3AB20DF2-8090-42A4-8F20-A82EAA975323}.Debug|x86.Build.0 = Debug|Win32
		{3AB20DF2-8090-42A4-8F20-A82EAA975323}.Release|x86.ActiveCfg = Release|Win32
		{3AB20DF2-8090-42A4-8F20-A82EAA975323}.Release|x86.Build.0 = Release|Win32
		{A1C1AA5B-D6A8-48DA-AE9C-04E35DE050A4}.Debug|x86.ActiveCfg = Debug|Win32
		{A1C1AA5B-D6A8-48DA-AE9C-04E35DE050A4}.Debug|x86.Build.0 = Debug|Win32
		{A1C1AA5B-D6A8-48DA-AE9C-04E35DE050A4}.Release|x86.ActiveCfg = Release|Win32
		{A1C1AA5B-D6A8-48DA-AE9C-04E35DE050A4}.Release|x86.Build.0 = Release|Win32
	EndGlobalSection
	GlobalSection(SolutionProperties) = preSolution
		HideSolutionNode = FALSE
	EndGlobalSection
	GlobalSection(ExtensibilityGlobals) = postSolution
		SolutionGuid = {15C838F8-3742-4E28-ABAF-337DF8AAB727}
	EndGlobalSection
EndGlobal
